
Microsoft Visual Studio Solution File, Format Version 12.00
# Visual Studio Version 17
VisualStudioVersion = 17.9.34622.214
MinimumVisualStudioVersion = 10.0.40219.1
Project("{9A19103F-16F7-4668-BE54-9A1E7A4F7556}") = "DXWebApplication", "DXWebApplication\DXWebApplication.csproj", "{F337B91E-5EA0-47BF-961D-33AF6DA0B48C}"
EndProject
Global
	GlobalSection(SolutionConfigurationPlatforms) = preSolution
		Debug|Any CPU = Debug|Any CPU
		Release|Any CPU = Release|Any CPU
	EndGlobalSection
	GlobalSection(ProjectConfigurationPlatforms) = postSolution
		{F337B91E-5EA0-47BF-961D-33AF6DA0B48C}.Debug|Any CPU.ActiveCfg = Debug|Any CPU
		{F337B91E-5EA0-47BF-961D-33AF6DA0B48C}.Debug|Any CPU.Build.0 = Debug|Any CPU
		{F337B91E-5EA0-47BF-961D-33AF6DA0B48C}.Release|Any CPU.ActiveCfg = Release|Any CPU
		{F337B91E-5EA0-47BF-961D-33AF6DA0B48C}.Release|Any CPU.Build.0 = Release|Any CPU
	EndGlobalSection
	GlobalSection(SolutionProperties) = preSolution
		HideSolutionNode = FALSE
	EndGlobalSection
	GlobalSection(ExtensibilityGlobals) = postSolution
		SolutionGuid = {DC4242AC-264B-4F52-AFED-821FE007E725}
	EndGlobalSection
EndGlobal
